// !$*UTF8*$!
{
	archiveVersion = 1;
	classes = {
	};
	objectVersion = 50;
	objects = {

/* Begin PBXBuildFile section */
		7513FB4C26EA55C600AF2F78 /* MainGame.swift in Sources */ = {isa = PBXBuildFile; fileRef = 7513FB4B26EA55C600AF2F78 /* MainGame.swift */; };
		75A6B15D26E7C2C3006FC8A2 /* SettingsGUI.swift in Sources */ = {isa = PBXBuildFile; fileRef = 75A6B15C26E7C2C3006FC8A2 /* SettingsGUI.swift */; };
		75A6B15F26E7C2F3006FC8A2 /* Row.swift in Sources */ = {isa = PBXBuildFile; fileRef = 75A6B15E26E7C2F3006FC8A2 /* Row.swift */; };
		75A6B16126E7C33B006FC8A2 /* Utilities.swift in Sources */ = {isa = PBXBuildFile; fileRef = 75A6B16026E7C33B006FC8A2 /* Utilities.swift */; };
		75E3307526E63F4300F8CE63 /* MultiplicationTablesApp.swift in Sources */ = {isa = PBXBuildFile; fileRef = 75E3307426E63F4300F8CE63 /* MultiplicationTablesApp.swift */; };
		75E3307726E63F4300F8CE63 /* ContentView.swift in Sources */ = {isa = PBXBuildFile; fileRef = 75E3307626E63F4300F8CE63 /* ContentView.swift */; };
		75E3307926E63F4700F8CE63 /* Assets.xcassets in Resources */ = {isa = PBXBuildFile; fileRef = 75E3307826E63F4700F8CE63 /* Assets.xcassets */; };
		75E3307C26E63F4700F8CE63 /* Preview Assets.xcassets in Resources */ = {isa = PBXBuildFile; fileRef = 75E3307B26E63F4700F8CE63 /* Preview Assets.xcassets */; };
		75E3308426E63F5E00F8CE63 /* Question.swift in Sources */ = {isa = PBXBuildFile; fileRef = 75E3308326E63F5E00F8CE63 /* Question.swift */; };
		75E3308626E640D000F8CE63 /* GameEngine.swift in Sources */ = {isa = PBXBuildFile; fileRef = 75E3308526E640D000F8CE63 /* GameEngine.swift */; };
/* End PBXBuildFile section */

/* Begin PBXFileReference section */
		7513FB4B26EA55C600AF2F78 /* MainGame.swift */ = {isa = PBXFileReference; lastKnownFileType = sourcecode.swift; path = MainGame.swift; sourceTree = "<group>"; };
		75A6B15C26E7C2C3006FC8A2 /* SettingsGUI.swift */ = {isa = PBXFileReference; lastKnownFileType = sourcecode.swift; path = SettingsGUI.swift; sourceTree = "<group>"; };
		75A6B15E26E7C2F3006FC8A2 /* Row.swift */ = {isa = PBXFileReference; lastKnownFileType = sourcecode.swift; path = Row.swift; sourceTree = "<group>"; };
		75A6B16026E7C33B006FC8A2 /* Utilities.swift */ = {isa = PBXFileReference; lastKnownFileType = sourcecode.swift; path = Utilities.swift; sourceTree = "<group>"; };
		75E3307126E63F4300F8CE63 /* MultiplicationTables.app */ = {isa = PBXFileReference; explicitFileType = wrapper.application; includeInIndex = 0; path = MultiplicationTables.app; sourceTree = BUILT_PRODUCTS_DIR; };
		75E3307426E63F4300F8CE63 /* MultiplicationTablesApp.swift */ = {isa = PBXFileReference; lastKnownFileType = sourcecode.swift; path = MultiplicationTablesApp.swift; sourceTree = "<group>"; };
		75E3307626E63F4300F8CE63 /* ContentView.swift */ = {isa = PBXFileReference; lastKnownFileType = sourcecode.swift; path = ContentView.swift; sourceTree = "<group>"; };
		75E3307826E63F4700F8CE63 /* Assets.xcassets */ = {isa = PBXFileReference; lastKnownFileType = folder.assetcatalog; path = Assets.xcassets; sourceTree = "<group>"; };
		75E3307B26E63F4700F8CE63 /* Preview Assets.xcassets */ = {isa = PBXFileReference; lastKnownFileType = folder.assetcatalog; path = "Preview Assets.xcassets"; sourceTree = "<group>"; };
		75E3307D26E63F4700F8CE63 /* Info.plist */ = {isa = PBXFileReference; lastKnownFileType = text.plist.xml; path = Info.plist; sourceTree = "<group>"; };
		75E3308326E63F5E00F8CE63 /* Question.swift */ = {isa = PBXFileReference; lastKnownFileType = sourcecode.swift; path = Question.swift; sourceTree = "<group>"; };
		75E3308526E640D000F8CE63 /* GameEngine.swift */ = {isa = PBXFileReference; lastKnownFileType = sourcecode.swift; path = GameEngine.swift; sourceTree = "<group>"; };
/* End PBXFileReference section */

/* Begin PBXFrameworksBuildPhase section */
		75E3306E26E63F4300F8CE63 /* Frameworks */ = {
			isa = PBXFrameworksBuildPhase;
			buildActionMask = 2147483647;
			files = (
			);
			runOnlyForDeploymentPostprocessing = 0;
		};
/* End PBXFrameworksBuildPhase section */

/* Begin PBXGroup section */
		75E3306826E63F4300F8CE63 = {
			isa = PBXGroup;
			children = (
				75E3307326E63F4300F8CE63 /* MultiplicationTables */,
				75E3307226E63F4300F8CE63 /* Products */,
			);
			sourceTree = "<group>";
		};
		75E3307226E63F4300F8CE63 /* Products */ = {
			isa = PBXGroup;
			children = (
				75E3307126E63F4300F8CE63 /* MultiplicationTables.app */,
			);
			name = Products;
			sourceTree = "<group>";
		};
		75E3307326E63F4300F8CE63 /* MultiplicationTables */ = {
			isa = PBXGroup;
			children = (
				75E3307426E63F4300F8CE63 /* MultiplicationTablesApp.swift */,
				75E3307626E63F4300F8CE63 /* ContentView.swift */,
				75E3307826E63F4700F8CE63 /* Assets.xcassets */,
				75E3307D26E63F4700F8CE63 /* Info.plist */,
				75E3307A26E63F4700F8CE63 /* Preview Content */,
				75E3308326E63F5E00F8CE63 /* Question.swift */,
				75E3308526E640D000F8CE63 /* GameEngine.swift */,
				75A6B15C26E7C2C3006FC8A2 /* SettingsGUI.swift */,
				75A6B15E26E7C2F3006FC8A2 /* Row.swift */,
				75A6B16026E7C33B006FC8A2 /* Utilities.swift */,
				7513FB4B26EA55C600AF2F78 /* MainGame.swift */,
			);
			path = MultiplicationTables;
			sourceTree = "<group>";
		};
		75E3307A26E63F4700F8CE63 /* Preview Content */ = {
			isa = PBXGroup;
			children = (
				75E3307B26E63F4700F8CE63 /* Preview Assets.xcassets */,
			);
			path = "Preview Content";
			sourceTree = "<group>";
		};
/* End PBXGroup section */

/* Begin PBXNativeTarget section */
		75E3307026E63F4300F8CE63 /* MultiplicationTables */ = {
			isa = PBXNativeTarget;
			buildConfigurationList = 75E3308026E63F4700F8CE63 /* Build configuration list for PBXNativeTarget "MultiplicationTables" */;
			buildPhases = (
				75E3306D26E63F4300F8CE63 /* Sources */,
				75E3306E26E63F4300F8CE63 /* Frameworks */,
				75E3306F26E63F4300F8CE63 /* Resources */,
			);
			buildRules = (
			);
			dependencies = (
			);
			name = MultiplicationTables;
			productName = MultiplicationTables;
			productReference = 75E3307126E63F4300F8CE63 /* MultiplicationTables.app */;
			productType = "com.apple.product-type.application";
		};
/* End PBXNativeTarget section */

/* Begin PBXProject section */
		75E3306926E63F4300F8CE63 /* Project object */ = {
			isa = PBXProject;
			attributes = {
				LastSwiftUpdateCheck = 1250;
				LastUpgradeCheck = 1250;
				TargetAttributes = {
					75E3307026E63F4300F8CE63 = {
						CreatedOnToolsVersion = 12.5.1;
					};
				};
			};
			buildConfigurationList = 75E3306C26E63F4300F8CE63 /* Build configuration list for PBXProject "MultiplicationTables" */;
			compatibilityVersion = "Xcode 9.3";
			developmentRegion = en;
			hasScannedForEncodings = 0;
			knownRegions = (
				en,
				Base,
			);
			mainGroup = 75E3306826E63F4300F8CE63;
			productRefGroup = 75E3307226E63F4300F8CE63 /* Products */;
			projectDirPath = "";
			projectRoot = "";
			targets = (
				75E3307026E63F4300F8CE63 /* MultiplicationTables */,
			);
		};
/* End PBXProject section */

/* Begin PBXResourcesBuildPhase section */
		75E3306F26E63F4300F8CE63 /* Resources */ = {
			isa = PBXResourcesBuildPhase;
			buildActionMask = 2147483647;
			files = (
				75E3307C26E63F4700F8CE63 /* Preview Assets.xcassets in Resources */,
				75E3307926E63F4700F8CE63 /* Assets.xcassets in Resources */,
			);
			runOnlyForDeploymentPostprocessing = 0;
		};
/* End PBXResourcesBuildPhase section */

/* Begin PBXSourcesBuildPhase section */
		75E3306D26E63F4300F8CE63 /* Sources */ = {
			isa = PBXSourcesBuildPhase;
			buildActionMask = 2147483647;
			files = (
				7513FB4C26EA55C600AF2F78 /* MainGame.swift in Sources */,
				75E3308426E63F5E00F8CE63 /* Question.swift in Sources */,
				75E3307726E63F4300F8CE63 /* ContentView.swift in Sources */,
				75A6B16126E7C33B006FC8A2 /* Utilities.swift in Sources */,
				75A6B15D26E7C2C3006FC8A2 /* SettingsGUI.swift in Sources */,
				75E3307526E63F4300F8CE63 /* MultiplicationTablesApp.swift in Sources */,
				75A6B15F26E7C2F3006FC8A2 /* Row.swift in Sources */,
				75E3308626E640D000F8CE63 /* GameEngine.swift in Sources */,
			);
			runOnlyForDeploymentPostprocessing = 0;
		};
/* End PBXSourcesBuildPhase section */

/* Begin XCBuildConfiguration section */
		75E3307E26E63F4700F8CE63 /* Debug */ = {
			isa = XCBuildConfiguration;
			buildSettings = {
				ALWAYS_SEARCH_USER_PATHS = NO;
				CLANG_ANALYZER_NONNULL = YES;
				CLANG_ANALYZER_NUMBER_OBJECT_CONVERSION = YES_AGGRESSIVE;
				CLANG_CXX_LANGUAGE_STANDARD = "gnu++14";
				CLANG_CXX_LIBRARY = "libc++";
				CLANG_ENABLE_MODULES = YES;
				CLANG_ENABLE_OBJC_ARC = YES;
				CLANG_ENABLE_OBJC_WEAK = YES;
				CLANG_WARN_BLOCK_CAPTURE_AUTORELEASING = YES;
				CLANG_WARN_BOOL_CONVERSION = YES;
				CLANG_WARN_COMMA = YES;
				CLANG_WARN_CONSTANT_CONVERSION = YES;
				CLANG_WARN_DEPRECATED_OBJC_IMPLEMENTATIONS = YES;
				CLANG_WARN_DIRECT_OBJC_ISA_USAGE = YES_ERROR;
				CLANG_WARN_DOCUMENTATION_COMMENTS = YES;
				CLANG_WARN_EMPTY_BODY = YES;
				CLANG_WARN_ENUM_CONVERSION = YES;
				CLANG_WARN_INFINITE_RECURSION = YES;
				CLANG_WARN_INT_CONVERSION = YES;
				CLANG_WARN_NON_LITERAL_NULL_CONVERSION = YES;
				CLANG_WARN_OBJC_IMPLICIT_RETAIN_SELF = YES;
				CLANG_WARN_OBJC_LITERAL_CONVERSION = YES;
				CLANG_WARN_OBJC_ROOT_CLASS = YES_ERROR;
				CLANG_WARN_QUOTED_INCLUDE_IN_FRAMEWORK_HEADER = YES;
				CLANG_WARN_RANGE_LOOP_ANALYSIS = YES;
				CLANG_WARN_STRICT_PROTOTYPES = YES;
				CLANG_WARN_SUSPICIOUS_MOVE = YES;
				CLANG_WARN_UNGUARDED_AVAILABILITY = YES_AGGRESSIVE;
				CLANG_WARN_UNREACHABLE_CODE = YES;
				CLANG_WARN__DUPLICATE_METHOD_MATCH = YES;
				COPY_PHASE_STRIP = NO;
				DEBUG_INFORMATION_FORMAT = dwarf;
				ENABLE_STRICT_OBJC_MSGSEND = YES;
				ENABLE_TESTABILITY = YES;
				GCC_C_LANGUAGE_STANDARD = gnu11;
				GCC_DYNAMIC_NO_PIC = NO;
				GCC_NO_COMMON_BLOCKS = YES;
				GCC_OPTIMIZATION_LEVEL = 0;
				GCC_PREPROCESSOR_DEFINITIONS = (
					"DEBUG=1",
					"$(inherited)",
				);
				GCC_WARN_64_TO_32_BIT_CONVERSION = YES;
				GCC_WARN_ABOUT_RETURN_TYPE = YES_ERROR;
				GCC_WARN_UNDECLARED_SELECTOR = YES;
				GCC_WARN_UNINITIALIZED_AUTOS = YES_AGGRESSIVE;
				GCC_WARN_UNUSED_FUNCTION = YES;
				GCC_WARN_UNUSED_VARIABLE = YES;
				IPHONEOS_DEPLOYMENT_TARGET = 14.5;
				MTL_ENABLE_DEBUG_INFO = INCLUDE_SOURCE;
				MTL_FAST_MATH = YES;
				ONLY_ACTIVE_ARCH = YES;
				SDKROOT = iphoneos;
				SWIFT_ACTIVE_COMPILATION_CONDITIONS = DEBUG;
				SWIFT_OPTIMIZATION_LEVEL = "-Onone";
			};
			name = Debug;
		};
		75E3307F26E63F4700F8CE63 /* Release */ = {
			isa = XCBuildConfiguration;
			buildSettings = {
				ALWAYS_SEARCH_USER_PATHS = NO;
				CLANG_ANALYZER_NONNULL = YES;
				CLANG_ANALYZER_NUMBER_OBJECT_CONVERSION = YES_AGGRESSIVE;
				CLANG_CXX_LANGUAGE_STANDARD = "gnu++14";
				CLANG_CXX_LIBRARY = "libc++";
				CLANG_ENABLE_MODULES = YES;
				CLANG_ENABLE_OBJC_ARC = YES;
				CLANG_ENABLE_OBJC_WEAK = YES;
				CLANG_WARN_BLOCK_CAPTURE_AUTORELEASING = YES;
				CLANG_WARN_BOOL_CONVERSION = YES;
				CLANG_WARN_COMMA = YES;
				CLANG_WARN_CONSTANT_CONVERSION = YES;
				CLANG_WARN_DEPRECATED_OBJC_IMPLEMENTATIONS = YES;
				CLANG_WARN_DIRECT_OBJC_ISA_USAGE = YES_ERROR;
				CLANG_WARN_DOCUMENTATION_COMMENTS = YES;
				CLANG_WARN_EMPTY_BODY = YES;
				CLANG_WARN_ENUM_CONVERSION = YES;
				CLANG_WARN_INFINITE_RECURSION = YES;
				CLANG_WARN_INT_CONVERSION = YES;
				CLANG_WARN_NON_LITERAL_NULL_CONVERSION = YES;
				CLANG_WARN_OBJC_IMPLICIT_RETAIN_SELF = YES;
				CLANG_WARN_OBJC_LITERAL_CONVERSION = YES;
				CLANG_WARN_OBJC_ROOT_CLASS = YES_ERROR;
				CLANG_WARN_QUOTED_INCLUDE_IN_FRAMEWORK_HEADER = YES;
				CLANG_WARN_RANGE_LOOP_ANALYSIS = YES;
				CLANG_WARN_STRICT_PROTOTYPES = YES;
				CLANG_WARN_SUSPICIOUS_MOVE = YES;
				CLANG_WARN_UNGUARDED_AVAILABILITY = YES_AGGRESSIVE;
				CLANG_WARN_UNREACHABLE_CODE = YES;
				CLANG_WARN__DUPLICATE_METHOD_MATCH = YES;
				COPY_PHASE_STRIP = NO;
				DEBUG_INFORMATION_FORMAT = "dwarf-with-dsym";
				ENABLE_NS_ASSERTIONS = NO;
				ENABLE_STRICT_OBJC_MSGSEND = YES;
				GCC_C_LANGUAGE_STANDARD = gnu11;
				GCC_NO_COMMON_BLOCKS = YES;
				GCC_WARN_64_TO_32_BIT_CONVERSION = YES;
				GCC_WARN_ABOUT_RETURN_TYPE = YES_ERROR;
				GCC_WARN_UNDECLARED_SELECTOR = YES;
				GCC_WARN_UNINITIALIZED_AUTOS = YES_AGGRESSIVE;
				GCC_WARN_UNUSED_FUNCTION = YES;
				GCC_WARN_UNUSED_VARIABLE = YES;
				IPHONEOS_DEPLOYMENT_TARGET = 14.5;
				MTL_ENABLE_DEBUG_INFO = NO;
				MTL_FAST_MATH = YES;
				SDKROOT = iphoneos;
				SWIFT_COMPILATION_MODE = wholemodule;
				SWIFT_OPTIMIZATION_LEVEL = "-O";
				VALIDATE_PRODUCT = YES;
			};
			name = Release;
		};
		75E3308126E63F4700F8CE63 /* Debug */ = {
			isa = XCBuildConfiguration;
			buildSettings = {
				ASSETCATALOG_COMPILER_APPICON_NAME = AppIcon;
				ASSETCATALOG_COMPILER_GLOBAL_ACCENT_COLOR_NAME = AccentColor;
				CODE_SIGN_STYLE = Automatic;
				DEVELOPMENT_ASSET_PATHS = "\"MultiplicationTables/Preview Content\"";
				DEVELOPMENT_TEAM = 7P5ZNU5LKY;
				ENABLE_PREVIEWS = YES;
				INFOPLIST_FILE = MultiplicationTables/Info.plist;
				IPHONEOS_DEPLOYMENT_TARGET = 14.0;
				LD_RUNPATH_SEARCH_PATHS = (
					"$(inherited)",
					"@executable_path/Frameworks",
				);
				PRODUCT_BUNDLE_IDENTIFIER = me.horvati.andrei.MultiplicationTables;
				PRODUCT_NAME = "$(TARGET_NAME)";
				SWIFT_VERSION = 5.0;
				TARGETED_DEVICE_FAMILY = "1,2";
			};
			name = Debug;
		};
		75E3308226E63F4700F8CE63 /* Release */ = {
			isa = XCBuildConfiguration;
			buildSettings = {
				ASSETCATALOG_COMPILER_APPICON_NAME = AppIcon;
				ASSETCATALOG_COMPILER_GLOBAL_ACCENT_COLOR_NAME = AccentColor;
				CODE_SIGN_STYLE = Automatic;
				DEVELOPMENT_ASSET_PATHS = "\"MultiplicationTables/Preview Content\"";
				DEVELOPMENT_TEAM = 7P5ZNU5LKY;
				ENABLE_PREVIEWS = YES;
				INFOPLIST_FILE = MultiplicationTables/Info.plist;
				IPHONEOS_DEPLOYMENT_TARGET = 14.0;
				LD_RUNPATH_SEARCH_PATHS = (
					"$(inherited)",
					"@executable_path/Frameworks",
				);
				PRODUCT_BUNDLE_IDENTIFIER = me.horvati.andrei.MultiplicationTables;
				PRODUCT_NAME = "$(TARGET_NAME)";
				SWIFT_VERSION = 5.0;
				TARGETED_DEVICE_FAMILY = "1,2";
			};
			name = Release;
		};
/* End XCBuildConfiguration section */

/* Begin XCConfigurationList section */
		75E3306C26E63F4300F8CE63 /* Build configuration list for PBXProject "MultiplicationTables" */ = {
			isa = XCConfigurationList;
			buildConfigurations = (
				75E3307E26E63F4700F8CE63 /* Debug */,
				75E3307F26E63F4700F8CE63 /* Release */,
			);
			defaultConfigurationIsVisible = 0;
			defaultConfigurationName = Release;
		};
		75E3308026E63F4700F8CE63 /* Build configuration list for PBXNativeTarget "MultiplicationTables" */ = {
			isa = XCConfigurationList;
			buildConfigurations = (
				75E3308126E63F4700F8CE63 /* Debug */,
				75E3308226E63F4700F8CE63 /* Release */,
			);
			defaultConfigurationIsVisible = 0;
			defaultConfigurationName = Release;
		};
/* End XCConfigurationList section */
	};
	rootObject = 75E3306926E63F4300F8CE63 /* Project object */;
}
